
Microsoft Visual Studio Solution File, Format Version 12.00
# Visual Studio Version 16
VisualStudioVersion = 16.0.30011.22
MinimumVisualStudioVersion = 10.0.40219.1
Project("{8BC9CEB8-8B4A-11D0-8D11-00A0C91BC942}") = "Bugd", "Bugd\Bugd.vcxproj", "{5124CCBD-5C8C-406B-B3D6-1A748C2A97C2}"
EndProject
Project("{8BC9CEB8-8B4A-11D0-8D11-00A0C91BC942}") = "TestEnv", "TestEnv\TestEnv.vcxproj", "{E3E5329F-ED7A-4182-B341-0B0B886360C3}"
EndProject
Global
	GlobalSection(SolutionConfigurationPlatforms) = preSolution
		Debug|x64 = Debug|x64
		Debug|x86 = Debug|x86
		Release|x64 = Release|x64
		Release|x86 = Release|x86
	EndGlobalSection
	GlobalSection(ProjectConfigurationPlatforms) = postSolution
		{5124CCBD-5C8C-406B-B3D6-1A748C2A97C2}.Debug|x64.ActiveCfg = Debug|x64
		{5124CCBD-5C8C-406B-B3D6-1A748C2A97C2}.Debug|x64.Build.0 = Debug|x64
		{5124CCBD-5C8C-406B-B3D6-1A748C2A97C2}.Debug|x86.ActiveCfg = Debug|Win32
		{5124CCBD-5C8C-406B-B3D6-1A748C2A97C2}.Debug|x86.Build.0 = Debug|Win32
		{5124CCBD-5C8C-406B-B3D6-1A748C2A97C2}.Release|x64.ActiveCfg = Release|x64
		{5124CCBD-5C8C-406B-B3D6-1A748C2A97C2}.Release|x64.Build.0 = Release|x64
		{5124CCBD-5C8C-406B-B3D6-1A748C2A97C2}.Release|x86.ActiveCfg = Release|Win32
		{5124CCBD-5C8C-406B-B3D6-1A748C2A97C2}.Release|x86.Build.0 = Release|Win32
		{E3E5329F-ED7A-4182-B341-0B0B886360C3}.Debug|x64.ActiveCfg = Debug|x64
		{E3E5329F-ED7A-4182-B341-0B0B886360C3}.Debug|x64.Build.0 = Debug|x64
		{E3E5329F-ED7A-4182-B341-0B0B886360C3}.Debug|x86.ActiveCfg = Debug|Win32
		{E3E5329F-ED7A-4182-B341-0B0B886360C3}.Debug|x86.Build.0 = Debug|Win32
		{E3E5329F-ED7A-4182-B341-0B0B886360C3}.Release|x64.ActiveCfg = Release|x64
		{E3E5329F-ED7A-4182-B341-0B0B886360C3}.Release|x64.Build.0 = Release|x64
		{E3E5329F-ED7A-4182-B341-0B0B886360C3}.Release|x86.ActiveCfg = Release|Win32
		{E3E5329F-ED7A-4182-B341-0B0B886360C3}.Release|x86.Build.0 = Release|Win32
	EndGlobalSection
	GlobalSection(SolutionProperties) = preSolution
		HideSolutionNode = FALSE
	EndGlobalSection
	GlobalSection(ExtensibilityGlobals) = postSolution
		SolutionGuid = {7B798899-165C-4499-8A08-E2DA048BA9D6}
	EndGlobalSection
EndGlobal
